
Microsoft Visual Studio Solution File, Format Version 12.00
# Visual Studio Version 17
VisualStudioVersion = 17.7.34024.191
MinimumVisualStudioVersion = 10.0.40219.1
Project("{FAE04EC0-301F-11D3-BF4B-00C04F79EFBC}") = "WebShopApp", "WebShopApp\WebShopApp.csproj", "{D9289462-0E29-4CFD-AD5A-04CEEB65368E}"
EndProject
Project("{FAE04EC0-301F-11D3-BF4B-00C04F79EFBC}") = "WebShopApp.Infrastructure", "WebShopApp\WebShopApp.Infrastructure\WebShopApp.Infrastructure.csproj", "{ACABBA7A-B055-400D-9511-EA692A2FD5F6}"
EndProject
Global
	GlobalSection(SolutionConfigurationPlatforms) = preSolution
		Debug|Any CPU = Debug|Any CPU
		Release|Any CPU = Release|Any CPU
	EndGlobalSection
	GlobalSection(ProjectConfigurationPlatforms) = postSolution
		{D9289462-0E29-4CFD-AD5A-04CEEB65368E}.Debug|Any CPU.ActiveCfg = Debug|Any CPU
		{D9289462-0E29-4CFD-AD5A-04CEEB65368E}.Debug|Any CPU.Build.0 = Debug|Any CPU
		{D9289462-0E29-4CFD-AD5A-04CEEB65368E}.Release|Any CPU.ActiveCfg = Release|Any CPU
		{D9289462-0E29-4CFD-AD5A-04CEEB65368E}.Release|Any CPU.Build.0 = Release|Any CPU
		{ACABBA7A-B055-400D-9511-EA692A2FD5F6}.Debug|Any CPU.ActiveCfg = Debug|Any CPU
		{ACABBA7A-B055-400D-9511-EA692A2FD5F6}.Debug|Any CPU.Build.0 = Debug|Any CPU
		{ACABBA7A-B055-400D-9511-EA692A2FD5F6}.Release|Any CPU.ActiveCfg = Release|Any CPU
		{ACABBA7A-B055-400D-9511-EA692A2FD5F6}.Release|Any CPU.Build.0 = Release|Any CPU
	EndGlobalSection
	GlobalSection(SolutionProperties) = preSolution
		HideSolutionNode = FALSE
	EndGlobalSection
	GlobalSection(ExtensibilityGlobals) = postSolution
		SolutionGuid = {9526BAD8-6439-44B5-ACE1-EE97BA8B1C6A}
	EndGlobalSection
EndGlobal
